
Microsoft Visual Studio Solution File, Format Version 12.00
# Visual Studio 15
VisualStudioVersion = 15.0.28307.1209
MinimumVisualStudioVersion = 10.0.40219.1
Project("{FAE04EC0-301F-11D3-BF4B-00C04F79EFBC}") = "Project_Management_System", "Project_Management_System\Project_Management_System.csproj", "{442ED8F8-ED28-4A8D-B95C-814695BD64CF}"
EndProject
Project("{2150E333-8FDC-42A3-9474-1A3956D46DE8}") = "Solution Items", "Solution Items", "{B75805C0-2811-4A13-AED1-49EDAA49A563}"
	ProjectSection(SolutionItems) = preProject
		Project_Management_System\Content\AppStyle\createProjectForm.css = Project_Management_System\Content\AppStyle\createProjectForm.css
	EndProjectSection
EndProject
Global
	GlobalSection(SolutionConfigurationPlatforms) = preSolution
		Debug|Any CPU = Debug|Any CPU
		Release|Any CPU = Release|Any CPU
	EndGlobalSection
	GlobalSection(ProjectConfigurationPlatforms) = postSolution
		{442ED8F8-ED28-4A8D-B95C-814695BD64CF}.Debug|Any CPU.ActiveCfg = Debug|Any CPU
		{442ED8F8-ED28-4A8D-B95C-814695BD64CF}.Debug|Any CPU.Build.0 = Debug|Any CPU
		{442ED8F8-ED28-4A8D-B95C-814695BD64CF}.Release|Any CPU.ActiveCfg = Release|Any CPU
		{442ED8F8-ED28-4A8D-B95C-814695BD64CF}.Release|Any CPU.Build.0 = Release|Any CPU
	EndGlobalSection
	GlobalSection(SolutionProperties) = preSolution
		HideSolutionNode = FALSE
	EndGlobalSection
	GlobalSection(ExtensibilityGlobals) = postSolution
		SolutionGuid = {E98A24B7-AE41-43CA-A5B0-BA7B5F34DD67}
	EndGlobalSection
EndGlobal
